{
  "name": "nano_black",
  "version": "0.0.2",
  "lockfileVersion": 2,
  "requires": true,
  "packages": {
    "": {
      "name": "nano_black",
      "version": "0.0.2",
      "license": "MIT",
      "dependencies": {
        "gsap": "^3.11.0"
      }
    },
    "node_modules/gsap": {
      "version": "3.11.0",
      "resolved": "https://registry.npmjs.org/gsap/-/gsap-3.11.0.tgz",
      "integrity": "sha512-TV5aFGqXht+0o/CelnhCikSe3QGeG+q1XA/fyFFsMzesILHgWgFWIz0NuXIgcMaL5h7MG2l+j0BTupS5YyYkrw=="
    }
  },
  "dependencies": {
    "gsap": {
      "version": "3.11.0",
      "resolved": "https://registry.npmjs.org/gsap/-/gsap-3.11.0.tgz",
      "integrity": "sha512-TV5aFGqXht+0o/CelnhCikSe3QGeG+q1XA/fyFFsMzesILHgWgFWIz0NuXIgcMaL5h7MG2l+j0BTupS5YyYkrw=="
    }
  }
}
